<?xml version="1.0" encoding="utf-8"?>
<Project ToolsVersion="17.0" xmlns="http://schemas.microsoft.com/developer/msbuild/2003">
  <ItemGroup>
    <ClCompile Include="C:\ProgramData\NVIDIA Corporation\OptiX SDK 8.1.0\SDK\optixOpticalFlow\optixOpticalFlow.cpp">
      <Filter>Source Files</Filter>
    </ClCompile>
  </ItemGroup>
  <ItemGroup>
    <ClInclude Include="C:\ProgramData\NVIDIA Corporation\OptiX SDK 8.1.0\SDK\optixOpticalFlow\nvOpticalFlowCommon.h">
      <Filter>Header Files</Filter>
    </ClInclude>
    <ClInclude Include="C:\ProgramData\NVIDIA Corporation\OptiX SDK 8.1.0\SDK\optixOpticalFlow\nvOpticalFlowCuda.h">
      <Filter>Header Files</Filter>
    </ClInclude>
  </ItemGroup>
  <ItemGroup>
    <CustomBuild Include="C:\ProgramData\NVIDIA Corporation\OptiX SDK 8.1.0\SDK\optixOpticalFlow\optixOpticalFlow.cu">
      <Filter>CUDA Files</Filter>
    </CustomBuild>
    <CustomBuild Include="C:\ProgramData\NVIDIA Corporation\OptiX SDK 8.1.0\SDK\optixOpticalFlow\CMakeLists.txt" />
  </ItemGroup>
  <ItemGroup>
    <Object Include="C:\Users\frede\Documents\GitHub\RenderingStuff\OptiX\lib\ptx\$(Configuration)\optixOpticalFlow_generated_optixOpticalFlow.cu.obj">
      <Filter>Object Files</Filter>
    </Object>
  </ItemGroup>
  <ItemGroup>
    <Filter Include="CUDA Files">
      <UniqueIdentifier>{1D88D653-6C53-3BFC-AC79-950FF6EAB4C5}</UniqueIdentifier>
    </Filter>
    <Filter Include="Header Files">
      <UniqueIdentifier>{58511645-08C0-3C3D-884F-7919248FAEA7}</UniqueIdentifier>
    </Filter>
    <Filter Include="Object Files">
      <UniqueIdentifier>{A85159FD-D38C-35A4-AC75-193B36C0F003}</UniqueIdentifier>
    </Filter>
    <Filter Include="Source Files">
      <UniqueIdentifier>{826C83F6-DBE6-38DA-9147-40929C73022D}</UniqueIdentifier>
    </Filter>
  </ItemGroup>
</Project>
