<?xml version="1.0" encoding="utf-8"?>
<Project ToolsVersion="17.0" xmlns="http://schemas.microsoft.com/developer/msbuild/2003">
  <ItemGroup>
    <CustomBuild Include="C:\Users\frede\Documents\GitHub\RenderingStuff\OptiX\CMakeFiles\017494743e6d31f0a9e3ac1eeef07b5e\generate.stamp.rule">
      <Filter>CMake Rules</Filter>
    </CustomBuild>
  </ItemGroup>
  <ItemGroup>
    <Filter Include="CMake Rules">
      <UniqueIdentifier>{57955FBD-0B31-325B-A8A4-40E6C099C75F}</UniqueIdentifier>
    </Filter>
  </ItemGroup>
</Project>
